
Microsoft Visual Studio Solution File, Format Version 11.00
# Visual Studio 2010
Project("{FAE04EC0-301F-11D3-BF4B-00C04F79EFBC}") = "Assembly-CSharp", "Assembly-CSharp.csproj", "{420d9abc-ba21-35b3-4c86-ddc68f8b8203}"
EndProject
Project("{FAE04EC0-301F-11D3-BF4B-00C04F79EFBC}") = "ParrelSync", "ParrelSync.csproj", "{68ffe2f3-e975-43ee-1948-1ca4eb61499e}"
EndProject
Project("{FAE04EC0-301F-11D3-BF4B-00C04F79EFBC}") = "Assembly-CSharp-Editor", "Assembly-CSharp-Editor.csproj", "{89d2f0ab-54b5-cb4f-eaf6-798e731a6597}"
EndProject
Global
	GlobalSection(SolutionConfigurationPlatforms) = preSolution
		Debug|Any CPU = Debug|Any CPU
	EndGlobalSection
	GlobalSection(ProjectConfigurationPlatforms) = postSolution
		{420d9abc-ba21-35b3-4c86-ddc68f8b8203}.Debug|Any CPU.ActiveCfg = Debug|Any CPU
		{420d9abc-ba21-35b3-4c86-ddc68f8b8203}.Debug|Any CPU.Build.0 = Debug|Any CPU
		{68ffe2f3-e975-43ee-1948-1ca4eb61499e}.Debug|Any CPU.ActiveCfg = Debug|Any CPU
		{68ffe2f3-e975-43ee-1948-1ca4eb61499e}.Debug|Any CPU.Build.0 = Debug|Any CPU
		{89d2f0ab-54b5-cb4f-eaf6-798e731a6597}.Debug|Any CPU.ActiveCfg = Debug|Any CPU
		{89d2f0ab-54b5-cb4f-eaf6-798e731a6597}.Debug|Any CPU.Build.0 = Debug|Any CPU
	EndGlobalSection
	GlobalSection(SolutionProperties) = preSolution
		HideSolutionNode = FALSE
	EndGlobalSection
EndGlobal
